<?xml version="1.0" encoding="utf-8"?>
<Project ToolsVersion="4.0" xmlns="http://schemas.microsoft.com/developer/msbuild/2003">
  <ItemGroup>
    <Filter Include="Inc">
      <UniqueIdentifier>{a9dca4ff-883e-42af-9810-c9533e8f8db1}</UniqueIdentifier>
    </Filter>
    <Filter Include="Src">
      <UniqueIdentifier>{5dc6b12b-5e82-4094-9160-3db97cb39c3a}</UniqueIdentifier>
    </Filter>
  </ItemGroup>
  <ItemGroup>
    <ClInclude Include="Inc\Common.hpp">
      <Filter>Inc</Filter>
    </ClInclude>
    <ClInclude Include="Inc\DataStructures.hpp">
      <Filter>Inc</Filter>
    </ClInclude>
    <ClInclude Include="Inc\Stack.hpp">
      <Filter>Inc</Filter>
    </ClInclude>
    <ClInclude Include="Src\Precompiled.hpp">
      <Filter>Src</Filter>
    </ClInclude>
    <ClInclude Include="Inc\SinglyLinkedList.hpp">
      <Filter>Inc</Filter>
    </ClInclude>
    <ClInclude Include="Inc\SharedPtr.hpp" />
  </ItemGroup>
  <ItemGroup>
    <ClCompile Include="Src\Precompiled.cpp">
      <Filter>Src</Filter>
    </ClCompile>
  </ItemGroup>
</Project>